// !$*UTF8*$!
{
	archiveVersion = 1;
	classes = {
	};
	objectVersion = 50;
	objects = {

/* Begin PBXBuildFile section */
		ABDAE0E0224150D000BFE130 /* AppDelegate.swift in Sources */ = {isa = PBXBuildFile; fileRef = ABDAE0DF224150D000BFE130 /* AppDelegate.swift */; };
		ABDAE0E2224150D000BFE130 /* ViewController.swift in Sources */ = {isa = PBXBuildFile; fileRef = ABDAE0E1224150D000BFE130 /* ViewController.swift */; };
		ABDAE0E5224150D000BFE130 /* Main.storyboard in Resources */ = {isa = PBXBuildFile; fileRef = ABDAE0E3224150D000BFE130 /* Main.storyboard */; };
		ABDAE0E8224150D000BFE130 /* kambaqi.xcdatamodeld in Sources */ = {isa = PBXBuildFile; fileRef = ABDAE0E6224150D000BFE130 /* kambaqi.xcdatamodeld */; };
		ABDAE0EA224150D100BFE130 /* Assets.xcassets in Resources */ = {isa = PBXBuildFile; fileRef = ABDAE0E9224150D100BFE130 /* Assets.xcassets */; };
		ABDAE0ED224150D100BFE130 /* LaunchScreen.storyboard in Resources */ = {isa = PBXBuildFile; fileRef = ABDAE0EB224150D100BFE130 /* LaunchScreen.storyboard */; };
/* End PBXBuildFile section */

/* Begin PBXFileReference section */
		ABDAE0DC224150D000BFE130 /* kambaqi.app */ = {isa = PBXFileReference; explicitFileType = wrapper.application; includeInIndex = 0; path = kambaqi.app; sourceTree = BUILT_PRODUCTS_DIR; };
		ABDAE0DF224150D000BFE130 /* AppDelegate.swift */ = {isa = PBXFileReference; lastKnownFileType = sourcecode.swift; path = AppDelegate.swift; sourceTree = "<group>"; };
		ABDAE0E1224150D000BFE130 /* ViewController.swift */ = {isa = PBXFileReference; lastKnownFileType = sourcecode.swift; path = ViewController.swift; sourceTree = "<group>"; };
		ABDAE0E4224150D000BFE130 /* Base */ = {isa = PBXFileReference; lastKnownFileType = file.storyboard; name = Base; path = Base.lproj/Main.storyboard; sourceTree = "<group>"; };
		ABDAE0E7224150D000BFE130 /* kambaqi.xcdatamodel */ = {isa = PBXFileReference; lastKnownFileType = wrapper.xcdatamodel; path = kambaqi.xcdatamodel; sourceTree = "<group>"; };
		ABDAE0E9224150D100BFE130 /* Assets.xcassets */ = {isa = PBXFileReference; lastKnownFileType = folder.assetcatalog; path = Assets.xcassets; sourceTree = "<group>"; };
		ABDAE0EC224150D100BFE130 /* Base */ = {isa = PBXFileReference; lastKnownFileType = file.storyboard; name = Base; path = Base.lproj/LaunchScreen.storyboard; sourceTree = "<group>"; };
		ABDAE0EE224150D100BFE130 /* Info.plist */ = {isa = PBXFileReference; lastKnownFileType = text.plist.xml; path = Info.plist; sourceTree = "<group>"; };
/* End PBXFileReference section */

/* Begin PBXFrameworksBuildPhase section */
		ABDAE0D9224150D000BFE130 /* Frameworks */ = {
			isa = PBXFrameworksBuildPhase;
			buildActionMask = 2147483647;
			files = (
			);
			runOnlyForDeploymentPostprocessing = 0;
		};
/* End PBXFrameworksBuildPhase section */

/* Begin PBXGroup section */
		ABDAE0D3224150D000BFE130 = {
			isa = PBXGroup;
			children = (
				ABDAE0DE224150D000BFE130 /* kambaqi */,
				ABDAE0DD224150D000BFE130 /* Products */,
			);
			sourceTree = "<group>";
		};
		ABDAE0DD224150D000BFE130 /* Products */ = {
			isa = PBXGroup;
			children = (
				ABDAE0DC224150D000BFE130 /* kambaqi.app */,
			);
			name = Products;
			sourceTree = "<group>";
		};
		ABDAE0DE224150D000BFE130 /* kambaqi */ = {
			isa = PBXGroup;
			children = (
				ABDAE0DF224150D000BFE130 /* AppDelegate.swift */,
				ABDAE0E1224150D000BFE130 /* ViewController.swift */,
				ABDAE0E3224150D000BFE130 /* Main.storyboard */,
				ABDAE0E9224150D100BFE130 /* Assets.xcassets */,
				ABDAE0EB224150D100BFE130 /* LaunchScreen.storyboard */,
				ABDAE0EE224150D100BFE130 /* Info.plist */,
				ABDAE0E6224150D000BFE130 /* kambaqi.xcdatamodeld */,
			);
			path = kambaqi;
			sourceTree = "<group>";
		};
/* End PBXGroup section */

/* Begin PBXNativeTarget section */
		ABDAE0DB224150D000BFE130 /* kambaqi */ = {
			isa = PBXNativeTarget;
			buildConfigurationList = ABDAE0F1224150D100BFE130 /* Build configuration list for PBXNativeTarget "kambaqi" */;
			buildPhases = (
				ABDAE0D8224150D000BFE130 /* Sources */,
				ABDAE0D9224150D000BFE130 /* Frameworks */,
				ABDAE0DA224150D000BFE130 /* Resources */,
			);
			buildRules = (
			);
			dependencies = (
			);
			name = kambaqi;
			productName = kambaqi;
			productReference = ABDAE0DC224150D000BFE130 /* kambaqi.app */;
			productType = "com.apple.product-type.application";
		};
/* End PBXNativeTarget section */

/* Begin PBXProject section */
		ABDAE0D4224150D000BFE130 /* Project object */ = {
			isa = PBXProject;
			attributes = {
				LastSwiftUpdateCheck = 1010;
				LastUpgradeCheck = 1010;
				ORGANIZATIONNAME = "Wafi AlShammari";
				TargetAttributes = {
					ABDAE0DB224150D000BFE130 = {
						CreatedOnToolsVersion = 10.1;
					};
				};
			};
			buildConfigurationList = ABDAE0D7224150D000BFE130 /* Build configuration list for PBXProject "kambaqi" */;
			compatibilityVersion = "Xcode 9.3";
			developmentRegion = en;
			hasScannedForEncodings = 0;
			knownRegions = (
				en,
				Base,
			);
			mainGroup = ABDAE0D3224150D000BFE130;
			productRefGroup = ABDAE0DD224150D000BFE130 /* Products */;
			projectDirPath = "";
			projectRoot = "";
			targets = (
				ABDAE0DB224150D000BFE130 /* kambaqi */,
			);
		};
/* End PBXProject section */

/* Begin PBXResourcesBuildPhase section */
		ABDAE0DA224150D000BFE130 /* Resources */ = {
			isa = PBXResourcesBuildPhase;
			buildActionMask = 2147483647;
			files = (
				ABDAE0ED224150D100BFE130 /* LaunchScreen.storyboard in Resources */,
				ABDAE0EA224150D100BFE130 /* Assets.xcassets in Resources */,
				ABDAE0E5224150D000BFE130 /* Main.storyboard in Resources */,
			);
			runOnlyForDeploymentPostprocessing = 0;
		};
/* End PBXResourcesBuildPhase section */

/* Begin PBXSourcesBuildPhase section */
		ABDAE0D8224150D000BFE130 /* Sources */ = {
			isa = PBXSourcesBuildPhase;
			buildActionMask = 2147483647;
			files = (
				ABDAE0E2224150D000BFE130 /* ViewController.swift in Sources */,
				ABDAE0E0224150D000BFE130 /* AppDelegate.swift in Sources */,
				ABDAE0E8224150D000BFE130 /* kambaqi.xcdatamodeld in Sources */,
			);
			runOnlyForDeploymentPostprocessing = 0;
		};
/* End PBXSourcesBuildPhase section */

/* Begin PBXVariantGroup section */
		ABDAE0E3224150D000BFE130 /* Main.storyboard */ = {
			isa = PBXVariantGroup;
			children = (
				ABDAE0E4224150D000BFE130 /* Base */,
			);
			name = Main.storyboard;
			sourceTree = "<group>";
		};
		ABDAE0EB224150D100BFE130 /* LaunchScreen.storyboard */ = {
			isa = PBXVariantGroup;
			children = (
				ABDAE0EC224150D100BFE130 /* Base */,
			);
			name = LaunchScreen.storyboard;
			sourceTree = "<group>";
		};
/* End PBXVariantGroup section */

/* Begin XCBuildConfiguration section */
		ABDAE0EF224150D100BFE130 /* Debug */ = {
			isa = XCBuildConfiguration;
			buildSettings = {
				ALWAYS_SEARCH_USER_PATHS = NO;
				CLANG_ANALYZER_NONNULL = YES;
				CLANG_ANALYZER_NUMBER_OBJECT_CONVERSION = YES_AGGRESSIVE;
				CLANG_CXX_LANGUAGE_STANDARD = "gnu++14";
				CLANG_CXX_LIBRARY = "libc++";
				CLANG_ENABLE_MODULES = YES;
				CLANG_ENABLE_OBJC_ARC = YES;
				CLANG_ENABLE_OBJC_WEAK = YES;
				CLANG_WARN_BLOCK_CAPTURE_AUTORELEASING = YES;
				CLANG_WARN_BOOL_CONVERSION = YES;
				CLANG_WARN_COMMA = YES;
				CLANG_WARN_CONSTANT_CONVERSION = YES;
				CLANG_WARN_DEPRECATED_OBJC_IMPLEMENTATIONS = YES;
				CLANG_WARN_DIRECT_OBJC_ISA_USAGE = YES_ERROR;
				CLANG_WARN_DOCUMENTATION_COMMENTS = YES;
				CLANG_WARN_EMPTY_BODY = YES;
				CLANG_WARN_ENUM_CONVERSION = YES;
				CLANG_WARN_INFINITE_RECURSION = YES;
				CLANG_WARN_INT_CONVERSION = YES;
				CLANG_WARN_NON_LITERAL_NULL_CONVERSION = YES;
				CLANG_WARN_OBJC_IMPLICIT_RETAIN_SELF = YES;
				CLANG_WARN_OBJC_LITERAL_CONVERSION = YES;
				CLANG_WARN_OBJC_ROOT_CLASS = YES_ERROR;
				CLANG_WARN_RANGE_LOOP_ANALYSIS = YES;
				CLANG_WARN_STRICT_PROTOTYPES = YES;
				CLANG_WARN_SUSPICIOUS_MOVE = YES;
				CLANG_WARN_UNGUARDED_AVAILABILITY = YES_AGGRESSIVE;
				CLANG_WARN_UNREACHABLE_CODE = YES;
				CLANG_WARN__DUPLICATE_METHOD_MATCH = YES;
				CODE_SIGN_IDENTITY = "iPhone Developer";
				COPY_PHASE_STRIP = NO;
				DEBUG_INFORMATION_FORMAT = dwarf;
				ENABLE_STRICT_OBJC_MSGSEND = YES;
				ENABLE_TESTABILITY = YES;
				GCC_C_LANGUAGE_STANDARD = gnu11;
				GCC_DYNAMIC_NO_PIC = NO;
				GCC_NO_COMMON_BLOCKS = YES;
				GCC_OPTIMIZATION_LEVEL = 0;
				GCC_PREPROCESSOR_DEFINITIONS = (
					"DEBUG=1",
					"$(inherited)",
				);
				GCC_WARN_64_TO_32_BIT_CONVERSION = YES;
				GCC_WARN_ABOUT_RETURN_TYPE = YES_ERROR;
				GCC_WARN_UNDECLARED_SELECTOR = YES;
				GCC_WARN_UNINITIALIZED_AUTOS = YES_AGGRESSIVE;
				GCC_WARN_UNUSED_FUNCTION = YES;
				GCC_WARN_UNUSED_VARIABLE = YES;
				IPHONEOS_DEPLOYMENT_TARGET = 12.1;
				MTL_ENABLE_DEBUG_INFO = INCLUDE_SOURCE;
				MTL_FAST_MATH = YES;
				ONLY_ACTIVE_ARCH = YES;
				SDKROOT = iphoneos;
				SWIFT_ACTIVE_COMPILATION_CONDITIONS = DEBUG;
				SWIFT_OPTIMIZATION_LEVEL = "-Onone";
			};
			name = Debug;
		};
		ABDAE0F0224150D100BFE130 /* Release */ = {
			isa = XCBuildConfiguration;
			buildSettings = {
				ALWAYS_SEARCH_USER_PATHS = NO;
				CLANG_ANALYZER_NONNULL = YES;
				CLANG_ANALYZER_NUMBER_OBJECT_CONVERSION = YES_AGGRESSIVE;
				CLANG_CXX_LANGUAGE_STANDARD = "gnu++14";
				CLANG_CXX_LIBRARY = "libc++";
				CLANG_ENABLE_MODULES = YES;
				CLANG_ENABLE_OBJC_ARC = YES;
				CLANG_ENABLE_OBJC_WEAK = YES;
				CLANG_WARN_BLOCK_CAPTURE_AUTORELEASING = YES;
				CLANG_WARN_BOOL_CONVERSION = YES;
				CLANG_WARN_COMMA = YES;
				CLANG_WARN_CONSTANT_CONVERSION = YES;
				CLANG_WARN_DEPRECATED_OBJC_IMPLEMENTATIONS = YES;
				CLANG_WARN_DIRECT_OBJC_ISA_USAGE = YES_ERROR;
				CLANG_WARN_DOCUMENTATION_COMMENTS = YES;
				CLANG_WARN_EMPTY_BODY = YES;
				CLANG_WARN_ENUM_CONVERSION = YES;
				CLANG_WARN_INFINITE_RECURSION = YES;
				CLANG_WARN_INT_CONVERSION = YES;
				CLANG_WARN_NON_LITERAL_NULL_CONVERSION = YES;
				CLANG_WARN_OBJC_IMPLICIT_RETAIN_SELF = YES;
				CLANG_WARN_OBJC_LITERAL_CONVERSION = YES;
				CLANG_WARN_OBJC_ROOT_CLASS = YES_ERROR;
				CLANG_WARN_RANGE_LOOP_ANALYSIS = YES;
				CLANG_WARN_STRICT_PROTOTYPES = YES;
				CLANG_WARN_SUSPICIOUS_MOVE = YES;
				CLANG_WARN_UNGUARDED_AVAILABILITY = YES_AGGRESSIVE;
				CLANG_WARN_UNREACHABLE_CODE = YES;
				CLANG_WARN__DUPLICATE_METHOD_MATCH = YES;
				CODE_SIGN_IDENTITY = "iPhone Developer";
				COPY_PHASE_STRIP = NO;
				DEBUG_INFORMATION_FORMAT = "dwarf-with-dsym";
				ENABLE_NS_ASSERTIONS = NO;
				ENABLE_STRICT_OBJC_MSGSEND = YES;
				GCC_C_LANGUAGE_STANDARD = gnu11;
				GCC_NO_COMMON_BLOCKS = YES;
				GCC_WARN_64_TO_32_BIT_CONVERSION = YES;
				GCC_WARN_ABOUT_RETURN_TYPE = YES_ERROR;
				GCC_WARN_UNDECLARED_SELECTOR = YES;
				GCC_WARN_UNINITIALIZED_AUTOS = YES_AGGRESSIVE;
				GCC_WARN_UNUSED_FUNCTION = YES;
				GCC_WARN_UNUSED_VARIABLE = YES;
				IPHONEOS_DEPLOYMENT_TARGET = 12.1;
				MTL_ENABLE_DEBUG_INFO = NO;
				MTL_FAST_MATH = YES;
				SDKROOT = iphoneos;
				SWIFT_COMPILATION_MODE = wholemodule;
				SWIFT_OPTIMIZATION_LEVEL = "-O";
				VALIDATE_PRODUCT = YES;
			};
			name = Release;
		};
		ABDAE0F2224150D100BFE130 /* Debug */ = {
			isa = XCBuildConfiguration;
			buildSettings = {
				ASSETCATALOG_COMPILER_APPICON_NAME = AppIcon;
				CODE_SIGN_STYLE = Automatic;
				DEVELOPMENT_TEAM = RPSDHNQWHN;
				INFOPLIST_FILE = kambaqi/Info.plist;
				LD_RUNPATH_SEARCH_PATHS = (
					"$(inherited)",
					"@executable_path/Frameworks",
				);
				PRODUCT_BUNDLE_IDENTIFIER = com.kambaqistars.kambaqi;
				PRODUCT_NAME = "$(TARGET_NAME)";
				SWIFT_VERSION = 4.2;
				TARGETED_DEVICE_FAMILY = "1,2";
			};
			name = Debug;
		};
		ABDAE0F3224150D100BFE130 /* Release */ = {
			isa = XCBuildConfiguration;
			buildSettings = {
				ASSETCATALOG_COMPILER_APPICON_NAME = AppIcon;
				CODE_SIGN_STYLE = Automatic;
				DEVELOPMENT_TEAM = RPSDHNQWHN;
				INFOPLIST_FILE = kambaqi/Info.plist;
				LD_RUNPATH_SEARCH_PATHS = (
					"$(inherited)",
					"@executable_path/Frameworks",
				);
				PRODUCT_BUNDLE_IDENTIFIER = com.kambaqistars.kambaqi;
				PRODUCT_NAME = "$(TARGET_NAME)";
				SWIFT_VERSION = 4.2;
				TARGETED_DEVICE_FAMILY = "1,2";
			};
			name = Release;
		};
/* End XCBuildConfiguration section */

/* Begin XCConfigurationList section */
		ABDAE0D7224150D000BFE130 /* Build configuration list for PBXProject "kambaqi" */ = {
			isa = XCConfigurationList;
			buildConfigurations = (
				ABDAE0EF224150D100BFE130 /* Debug */,
				ABDAE0F0224150D100BFE130 /* Release */,
			);
			defaultConfigurationIsVisible = 0;
			defaultConfigurationName = Release;
		};
		ABDAE0F1224150D100BFE130 /* Build configuration list for PBXNativeTarget "kambaqi" */ = {
			isa = XCConfigurationList;
			buildConfigurations = (
				ABDAE0F2224150D100BFE130 /* Debug */,
				ABDAE0F3224150D100BFE130 /* Release */,
			);
			defaultConfigurationIsVisible = 0;
			defaultConfigurationName = Release;
		};
/* End XCConfigurationList section */

/* Begin XCVersionGroup section */
		ABDAE0E6224150D000BFE130 /* kambaqi.xcdatamodeld */ = {
			isa = XCVersionGroup;
			children = (
				ABDAE0E7224150D000BFE130 /* kambaqi.xcdatamodel */,
			);
			currentVersion = ABDAE0E7224150D000BFE130 /* kambaqi.xcdatamodel */;
			path = kambaqi.xcdatamodeld;
			sourceTree = "<group>";
			versionGroupType = wrapper.xcdatamodel;
		};
/* End XCVersionGroup section */
	};
	rootObject = ABDAE0D4224150D000BFE130 /* Project object */;
}
