// !$*UTF8*$!
{
	archiveVersion = 1;
	classes = {
	};
	objectVersion = 50;
	objects = {

/* Begin PBXBuildFile section */
		61AC4864072623E8589F1BD5 /* Pods_kambaqi.framework in Frameworks */ = {isa = PBXBuildFile; fileRef = 32E19A98B64B93DCB56F9576 /* Pods_kambaqi.framework */; };
		ABDAE0E0224150D000BFE130 /* AppDelegate.swift in Sources */ = {isa = PBXBuildFile; fileRef = ABDAE0DF224150D000BFE130 /* AppDelegate.swift */; };
		ABDAE0EA224150D100BFE130 /* Assets.xcassets in Resources */ = {isa = PBXBuildFile; fileRef = ABDAE0E9224150D100BFE130 /* Assets.xcassets */; };
		ABDAE0ED224150D100BFE130 /* LaunchScreen.storyboard in Resources */ = {isa = PBXBuildFile; fileRef = ABDAE0EB224150D100BFE130 /* LaunchScreen.storyboard */; };
		ABDAE0F82241525E00BFE130 /* GoogleService-Info.plist in Resources */ = {isa = PBXBuildFile; fileRef = ABDAE0F52241525E00BFE130 /* GoogleService-Info.plist */; };
		ABDAE106224152DF00BFE130 /* EventsVC.swift in Sources */ = {isa = PBXBuildFile; fileRef = ABDAE0FB224152DF00BFE130 /* EventsVC.swift */; };
		ABDAE107224152DF00BFE130 /* SoonVC.swift in Sources */ = {isa = PBXBuildFile; fileRef = ABDAE0FC224152DF00BFE130 /* SoonVC.swift */; };
		ABDAE108224152DF00BFE130 /* Main.storyboard in Resources */ = {isa = PBXBuildFile; fileRef = ABDAE0FD224152DF00BFE130 /* Main.storyboard */; };
		ABDAE109224152DF00BFE130 /* AdsVC.swift in Sources */ = {isa = PBXBuildFile; fileRef = ABDAE0FF224152DF00BFE130 /* AdsVC.swift */; };
		ABDAE10A224152DF00BFE130 /* TodayVC.swift in Sources */ = {isa = PBXBuildFile; fileRef = ABDAE100224152DF00BFE130 /* TodayVC.swift */; };
		ABDAE10B224152DF00BFE130 /* MainVC.swift in Sources */ = {isa = PBXBuildFile; fileRef = ABDAE101224152DF00BFE130 /* MainVC.swift */; };
		ABDAE10C224152DF00BFE130 /* Cells.swift in Sources */ = {isa = PBXBuildFile; fileRef = ABDAE103224152DF00BFE130 /* Cells.swift */; };
		ABDAE10D224152DF00BFE130 /* Helper4Swift.swift in Sources */ = {isa = PBXBuildFile; fileRef = ABDAE104224152DF00BFE130 /* Helper4Swift.swift */; };
		ABDAE10E224152DF00BFE130 /* Structs & Models.swift in Sources */ = {isa = PBXBuildFile; fileRef = ABDAE105224152DF00BFE130 /* Structs & Models.swift */; };
		ABDAE113224152EA00BFE130 /* Names.swift in Sources */ = {isa = PBXBuildFile; fileRef = ABDAE10F224152E900BFE130 /* Names.swift */; };
		ABDAE114224152EA00BFE130 /* Colors.swift in Sources */ = {isa = PBXBuildFile; fileRef = ABDAE110224152E900BFE130 /* Colors.swift */; };
		ABDAE115224152EA00BFE130 /* CustomViews.swift in Sources */ = {isa = PBXBuildFile; fileRef = ABDAE111224152EA00BFE130 /* CustomViews.swift */; };
		ABDAE116224152EA00BFE130 /* Core.swift in Sources */ = {isa = PBXBuildFile; fileRef = ABDAE112224152EA00BFE130 /* Core.swift */; };
		ABDAE11C2241539B00BFE130 /* kambaqi.xcdatamodeld in Sources */ = {isa = PBXBuildFile; fileRef = ABDAE11A2241539B00BFE130 /* kambaqi.xcdatamodeld */; };
/* End PBXBuildFile section */

/* Begin PBXFileReference section */
		218276F69BB3EE580BD72896 /* Pods-kambaqi.debug.xcconfig */ = {isa = PBXFileReference; includeInIndex = 1; lastKnownFileType = text.xcconfig; name = "Pods-kambaqi.debug.xcconfig"; path = "Pods/Target Support Files/Pods-kambaqi/Pods-kambaqi.debug.xcconfig"; sourceTree = "<group>"; };
		32E19A98B64B93DCB56F9576 /* Pods_kambaqi.framework */ = {isa = PBXFileReference; explicitFileType = wrapper.framework; includeInIndex = 0; path = Pods_kambaqi.framework; sourceTree = BUILT_PRODUCTS_DIR; };
		ABDAE0DC224150D000BFE130 /* kambaqi.app */ = {isa = PBXFileReference; explicitFileType = wrapper.application; includeInIndex = 0; path = kambaqi.app; sourceTree = BUILT_PRODUCTS_DIR; };
		ABDAE0DF224150D000BFE130 /* AppDelegate.swift */ = {isa = PBXFileReference; lastKnownFileType = sourcecode.swift; path = AppDelegate.swift; sourceTree = "<group>"; };
		ABDAE0E9224150D100BFE130 /* Assets.xcassets */ = {isa = PBXFileReference; lastKnownFileType = folder.assetcatalog; path = Assets.xcassets; sourceTree = "<group>"; };
		ABDAE0EC224150D100BFE130 /* Base */ = {isa = PBXFileReference; lastKnownFileType = file.storyboard; name = Base; path = Base.lproj/LaunchScreen.storyboard; sourceTree = "<group>"; };
		ABDAE0EE224150D100BFE130 /* Info.plist */ = {isa = PBXFileReference; lastKnownFileType = text.plist.xml; path = Info.plist; sourceTree = "<group>"; };
		ABDAE0F52241525E00BFE130 /* GoogleService-Info.plist */ = {isa = PBXFileReference; fileEncoding = 4; lastKnownFileType = text.plist.xml; path = "GoogleService-Info.plist"; sourceTree = "<group>"; };
		ABDAE0FB224152DF00BFE130 /* EventsVC.swift */ = {isa = PBXFileReference; fileEncoding = 4; lastKnownFileType = sourcecode.swift; path = EventsVC.swift; sourceTree = "<group>"; };
		ABDAE0FC224152DF00BFE130 /* SoonVC.swift */ = {isa = PBXFileReference; fileEncoding = 4; lastKnownFileType = sourcecode.swift; path = SoonVC.swift; sourceTree = "<group>"; };
		ABDAE0FE224152DF00BFE130 /* Base */ = {isa = PBXFileReference; lastKnownFileType = file.storyboard; name = Base; path = Base.lproj/Main.storyboard; sourceTree = "<group>"; };
		ABDAE0FF224152DF00BFE130 /* AdsVC.swift */ = {isa = PBXFileReference; fileEncoding = 4; lastKnownFileType = sourcecode.swift; path = AdsVC.swift; sourceTree = "<group>"; };
		ABDAE100224152DF00BFE130 /* TodayVC.swift */ = {isa = PBXFileReference; fileEncoding = 4; lastKnownFileType = sourcecode.swift; path = TodayVC.swift; sourceTree = "<group>"; };
		ABDAE101224152DF00BFE130 /* MainVC.swift */ = {isa = PBXFileReference; fileEncoding = 4; lastKnownFileType = sourcecode.swift; path = MainVC.swift; sourceTree = "<group>"; };
		ABDAE103224152DF00BFE130 /* Cells.swift */ = {isa = PBXFileReference; fileEncoding = 4; lastKnownFileType = sourcecode.swift; path = Cells.swift; sourceTree = "<group>"; };
		ABDAE104224152DF00BFE130 /* Helper4Swift.swift */ = {isa = PBXFileReference; fileEncoding = 4; lastKnownFileType = sourcecode.swift; path = Helper4Swift.swift; sourceTree = "<group>"; };
		ABDAE105224152DF00BFE130 /* Structs & Models.swift */ = {isa = PBXFileReference; fileEncoding = 4; lastKnownFileType = sourcecode.swift; path = "Structs & Models.swift"; sourceTree = "<group>"; };
		ABDAE10F224152E900BFE130 /* Names.swift */ = {isa = PBXFileReference; fileEncoding = 4; lastKnownFileType = sourcecode.swift; path = Names.swift; sourceTree = "<group>"; };
		ABDAE110224152E900BFE130 /* Colors.swift */ = {isa = PBXFileReference; fileEncoding = 4; lastKnownFileType = sourcecode.swift; path = Colors.swift; sourceTree = "<group>"; };
		ABDAE111224152EA00BFE130 /* CustomViews.swift */ = {isa = PBXFileReference; fileEncoding = 4; lastKnownFileType = sourcecode.swift; path = CustomViews.swift; sourceTree = "<group>"; };
		ABDAE112224152EA00BFE130 /* Core.swift */ = {isa = PBXFileReference; fileEncoding = 4; lastKnownFileType = sourcecode.swift; path = Core.swift; sourceTree = "<group>"; };
		ABDAE11B2241539B00BFE130 /* kambaqi.xcdatamodel */ = {isa = PBXFileReference; lastKnownFileType = wrapper.xcdatamodel; path = kambaqi.xcdatamodel; sourceTree = "<group>"; };
		EFC29CC6E7EFB2B3139AD624 /* Pods-kambaqi.release.xcconfig */ = {isa = PBXFileReference; includeInIndex = 1; lastKnownFileType = text.xcconfig; name = "Pods-kambaqi.release.xcconfig"; path = "Pods/Target Support Files/Pods-kambaqi/Pods-kambaqi.release.xcconfig"; sourceTree = "<group>"; };
/* End PBXFileReference section */

/* Begin PBXFrameworksBuildPhase section */
		ABDAE0D9224150D000BFE130 /* Frameworks */ = {
			isa = PBXFrameworksBuildPhase;
			buildActionMask = 2147483647;
			files = (
				61AC4864072623E8589F1BD5 /* Pods_kambaqi.framework in Frameworks */,
			);
			runOnlyForDeploymentPostprocessing = 0;
		};
/* End PBXFrameworksBuildPhase section */

/* Begin PBXGroup section */
		ABDAE0D3224150D000BFE130 = {
			isa = PBXGroup;
			children = (
				ABDAE0DE224150D000BFE130 /* kambaqi */,
				ABDAE0DD224150D000BFE130 /* Products */,
				FFC23B6C6DEF22047678E859 /* Pods */,
				AEA46B9785811C93783E7415 /* Frameworks */,
			);
			sourceTree = "<group>";
		};
		ABDAE0DD224150D000BFE130 /* Products */ = {
			isa = PBXGroup;
			children = (
				ABDAE0DC224150D000BFE130 /* kambaqi.app */,
			);
			name = Products;
			sourceTree = "<group>";
		};
		ABDAE0DE224150D000BFE130 /* kambaqi */ = {
			isa = PBXGroup;
			children = (
				ABDAE0DF224150D000BFE130 /* AppDelegate.swift */,
				ABDAE111224152EA00BFE130 /* CustomViews.swift */,
				ABDAE110224152E900BFE130 /* Colors.swift */,
				ABDAE10F224152E900BFE130 /* Names.swift */,
				ABDAE112224152EA00BFE130 /* Core.swift */,
				ABDAE0FA224152DF00BFE130 /* Main Controllers */,
				ABDAE102224152DF00BFE130 /* Cells & Helpers */,
				ABDAE0E9224150D100BFE130 /* Assets.xcassets */,
				ABDAE0EB224150D100BFE130 /* LaunchScreen.storyboard */,
				ABDAE0EE224150D100BFE130 /* Info.plist */,
				ABDAE0F52241525E00BFE130 /* GoogleService-Info.plist */,
				ABDAE11A2241539B00BFE130 /* kambaqi.xcdatamodeld */,
			);
			path = kambaqi;
			sourceTree = "<group>";
		};
		ABDAE0FA224152DF00BFE130 /* Main Controllers */ = {
			isa = PBXGroup;
			children = (
				ABDAE0FD224152DF00BFE130 /* Main.storyboard */,
				ABDAE101224152DF00BFE130 /* MainVC.swift */,
				ABDAE0FC224152DF00BFE130 /* SoonVC.swift */,
				ABDAE0FB224152DF00BFE130 /* EventsVC.swift */,
				ABDAE100224152DF00BFE130 /* TodayVC.swift */,
				ABDAE0FF224152DF00BFE130 /* AdsVC.swift */,
			);
			path = "Main Controllers";
			sourceTree = "<group>";
		};
		ABDAE102224152DF00BFE130 /* Cells & Helpers */ = {
			isa = PBXGroup;
			children = (
				ABDAE103224152DF00BFE130 /* Cells.swift */,
				ABDAE104224152DF00BFE130 /* Helper4Swift.swift */,
				ABDAE105224152DF00BFE130 /* Structs & Models.swift */,
			);
			path = "Cells & Helpers";
			sourceTree = "<group>";
		};
		AEA46B9785811C93783E7415 /* Frameworks */ = {
			isa = PBXGroup;
			children = (
				32E19A98B64B93DCB56F9576 /* Pods_kambaqi.framework */,
			);
			name = Frameworks;
			sourceTree = "<group>";
		};
		FFC23B6C6DEF22047678E859 /* Pods */ = {
			isa = PBXGroup;
			children = (
				218276F69BB3EE580BD72896 /* Pods-kambaqi.debug.xcconfig */,
				EFC29CC6E7EFB2B3139AD624 /* Pods-kambaqi.release.xcconfig */,
			);
			name = Pods;
			sourceTree = "<group>";
		};
/* End PBXGroup section */

/* Begin PBXNativeTarget section */
		ABDAE0DB224150D000BFE130 /* kambaqi */ = {
			isa = PBXNativeTarget;
			buildConfigurationList = ABDAE0F1224150D100BFE130 /* Build configuration list for PBXNativeTarget "kambaqi" */;
			buildPhases = (
				941212A691F0C9FBBDA2DFB5 /* [CP] Check Pods Manifest.lock */,
				ABDAE0D8224150D000BFE130 /* Sources */,
				ABDAE0D9224150D000BFE130 /* Frameworks */,
				ABDAE0DA224150D000BFE130 /* Resources */,
				ABDAE0F42241518A00BFE130 /* ShellScript */,
				899BD3872AC54EE6381F5AF2 /* [CP] Embed Pods Frameworks */,
			);
			buildRules = (
			);
			dependencies = (
			);
			name = kambaqi;
			productName = kambaqi;
			productReference = ABDAE0DC224150D000BFE130 /* kambaqi.app */;
			productType = "com.apple.product-type.application";
		};
/* End PBXNativeTarget section */

/* Begin PBXProject section */
		ABDAE0D4224150D000BFE130 /* Project object */ = {
			isa = PBXProject;
			attributes = {
				LastSwiftUpdateCheck = 1010;
				LastUpgradeCheck = 1010;
				ORGANIZATIONNAME = "Wafi AlShammari";
				TargetAttributes = {
					ABDAE0DB224150D000BFE130 = {
						CreatedOnToolsVersion = 10.1;
					};
				};
			};
			buildConfigurationList = ABDAE0D7224150D000BFE130 /* Build configuration list for PBXProject "kambaqi" */;
			compatibilityVersion = "Xcode 9.3";
			developmentRegion = en;
			hasScannedForEncodings = 0;
			knownRegions = (
				en,
				Base,
			);
			mainGroup = ABDAE0D3224150D000BFE130;
			productRefGroup = ABDAE0DD224150D000BFE130 /* Products */;
			projectDirPath = "";
			projectRoot = "";
			targets = (
				ABDAE0DB224150D000BFE130 /* kambaqi */,
			);
		};
/* End PBXProject section */

/* Begin PBXResourcesBuildPhase section */
		ABDAE0DA224150D000BFE130 /* Resources */ = {
			isa = PBXResourcesBuildPhase;
			buildActionMask = 2147483647;
			files = (
				ABDAE0ED224150D100BFE130 /* LaunchScreen.storyboard in Resources */,
				ABDAE0F82241525E00BFE130 /* GoogleService-Info.plist in Resources */,
				ABDAE0EA224150D100BFE130 /* Assets.xcassets in Resources */,
				ABDAE108224152DF00BFE130 /* Main.storyboard in Resources */,
			);
			runOnlyForDeploymentPostprocessing = 0;
		};
/* End PBXResourcesBuildPhase section */

/* Begin PBXShellScriptBuildPhase section */
		899BD3872AC54EE6381F5AF2 /* [CP] Embed Pods Frameworks */ = {
			isa = PBXShellScriptBuildPhase;
			buildActionMask = 2147483647;
			files = (
			);
			inputPaths = (
				"${SRCROOT}/Pods/Target Support Files/Pods-kambaqi/Pods-kambaqi-frameworks.sh",
				"${BUILT_PRODUCTS_DIR}/ARSLineProgress/ARSLineProgress.framework",
				"${BUILT_PRODUCTS_DIR}/Alamofire/Alamofire.framework",
				"${BUILT_PRODUCTS_DIR}/GTMSessionFetcher/GTMSessionFetcher.framework",
				"${BUILT_PRODUCTS_DIR}/GoogleUtilities/GoogleUtilities.framework",
				"${BUILT_PRODUCTS_DIR}/Protobuf/Protobuf.framework",
				"${BUILT_PRODUCTS_DIR}/SDWebImage/SDWebImage.framework",
				"${BUILT_PRODUCTS_DIR}/Toast-Swift/Toast_Swift.framework",
				"${BUILT_PRODUCTS_DIR}/leveldb-library/leveldb.framework",
				"${BUILT_PRODUCTS_DIR}/nanopb/nanopb.framework",
			);
			name = "[CP] Embed Pods Frameworks";
			outputPaths = (
				"${TARGET_BUILD_DIR}/${FRAMEWORKS_FOLDER_PATH}/ARSLineProgress.framework",
				"${TARGET_BUILD_DIR}/${FRAMEWORKS_FOLDER_PATH}/Alamofire.framework",
				"${TARGET_BUILD_DIR}/${FRAMEWORKS_FOLDER_PATH}/GTMSessionFetcher.framework",
				"${TARGET_BUILD_DIR}/${FRAMEWORKS_FOLDER_PATH}/GoogleUtilities.framework",
				"${TARGET_BUILD_DIR}/${FRAMEWORKS_FOLDER_PATH}/Protobuf.framework",
				"${TARGET_BUILD_DIR}/${FRAMEWORKS_FOLDER_PATH}/SDWebImage.framework",
				"${TARGET_BUILD_DIR}/${FRAMEWORKS_FOLDER_PATH}/Toast_Swift.framework",
				"${TARGET_BUILD_DIR}/${FRAMEWORKS_FOLDER_PATH}/leveldb.framework",
				"${TARGET_BUILD_DIR}/${FRAMEWORKS_FOLDER_PATH}/nanopb.framework",
			);
			runOnlyForDeploymentPostprocessing = 0;
			shellPath = /bin/sh;
			shellScript = "\"${SRCROOT}/Pods/Target Support Files/Pods-kambaqi/Pods-kambaqi-frameworks.sh\"\n";
			showEnvVarsInLog = 0;
		};
		941212A691F0C9FBBDA2DFB5 /* [CP] Check Pods Manifest.lock */ = {
			isa = PBXShellScriptBuildPhase;
			buildActionMask = 2147483647;
			files = (
			);
			inputPaths = (
				"${PODS_PODFILE_DIR_PATH}/Podfile.lock",
				"${PODS_ROOT}/Manifest.lock",
			);
			name = "[CP] Check Pods Manifest.lock";
			outputPaths = (
				"$(DERIVED_FILE_DIR)/Pods-kambaqi-checkManifestLockResult.txt",
			);
			runOnlyForDeploymentPostprocessing = 0;
			shellPath = /bin/sh;
			shellScript = "diff \"${PODS_PODFILE_DIR_PATH}/Podfile.lock\" \"${PODS_ROOT}/Manifest.lock\" > /dev/null\nif [ $? != 0 ] ; then\n    # print error to STDERR\n    echo \"error: The sandbox is not in sync with the Podfile.lock. Run 'pod install' or update your CocoaPods installation.\" >&2\n    exit 1\nfi\n# This output is used by Xcode 'outputs' to avoid re-running this script phase.\necho \"SUCCESS\" > \"${SCRIPT_OUTPUT_FILE_0}\"\n";
			showEnvVarsInLog = 0;
		};
		ABDAE0F42241518A00BFE130 /* ShellScript */ = {
			isa = PBXShellScriptBuildPhase;
			buildActionMask = 2147483647;
			files = (
			);
			inputPaths = (
			);
			outputPaths = (
			);
			runOnlyForDeploymentPostprocessing = 0;
			shellPath = /bin/sh;
			shellScript = "buildNumber=$(/usr/libexec/PlistBuddy -c \"Print CFBundleVersion\" \"${PROJECT_DIR}/${INFOPLIST_FILE}\")\nbuildNumber=$(($buildNumber + 1))\n/usr/libexec/PlistBuddy -c \"Set :CFBundleVersion $buildNumber\" \"${PROJECT_DIR}/${INFOPLIST_FILE}\"\n";
		};
/* End PBXShellScriptBuildPhase section */

/* Begin PBXSourcesBuildPhase section */
		ABDAE0D8224150D000BFE130 /* Sources */ = {
			isa = PBXSourcesBuildPhase;
			buildActionMask = 2147483647;
			files = (
				ABDAE10A224152DF00BFE130 /* TodayVC.swift in Sources */,
				ABDAE114224152EA00BFE130 /* Colors.swift in Sources */,
				ABDAE10E224152DF00BFE130 /* Structs & Models.swift in Sources */,
				ABDAE10D224152DF00BFE130 /* Helper4Swift.swift in Sources */,
				ABDAE10C224152DF00BFE130 /* Cells.swift in Sources */,
				ABDAE113224152EA00BFE130 /* Names.swift in Sources */,
				ABDAE11C2241539B00BFE130 /* kambaqi.xcdatamodeld in Sources */,
				ABDAE0E0224150D000BFE130 /* AppDelegate.swift in Sources */,
				ABDAE106224152DF00BFE130 /* EventsVC.swift in Sources */,
				ABDAE109224152DF00BFE130 /* AdsVC.swift in Sources */,
				ABDAE116224152EA00BFE130 /* Core.swift in Sources */,
				ABDAE107224152DF00BFE130 /* SoonVC.swift in Sources */,
				ABDAE10B224152DF00BFE130 /* MainVC.swift in Sources */,
				ABDAE115224152EA00BFE130 /* CustomViews.swift in Sources */,
			);
			runOnlyForDeploymentPostprocessing = 0;
		};
/* End PBXSourcesBuildPhase section */

/* Begin PBXVariantGroup section */
		ABDAE0EB224150D100BFE130 /* LaunchScreen.storyboard */ = {
			isa = PBXVariantGroup;
			children = (
				ABDAE0EC224150D100BFE130 /* Base */,
			);
			name = LaunchScreen.storyboard;
			sourceTree = "<group>";
		};
		ABDAE0FD224152DF00BFE130 /* Main.storyboard */ = {
			isa = PBXVariantGroup;
			children = (
				ABDAE0FE224152DF00BFE130 /* Base */,
			);
			name = Main.storyboard;
			sourceTree = "<group>";
		};
/* End PBXVariantGroup section */

/* Begin XCBuildConfiguration section */
		ABDAE0EF224150D100BFE130 /* Debug */ = {
			isa = XCBuildConfiguration;
			buildSettings = {
				ALWAYS_SEARCH_USER_PATHS = NO;
				CLANG_ANALYZER_NONNULL = YES;
				CLANG_ANALYZER_NUMBER_OBJECT_CONVERSION = YES_AGGRESSIVE;
				CLANG_CXX_LANGUAGE_STANDARD = "gnu++14";
				CLANG_CXX_LIBRARY = "libc++";
				CLANG_ENABLE_MODULES = YES;
				CLANG_ENABLE_OBJC_ARC = YES;
				CLANG_ENABLE_OBJC_WEAK = YES;
				CLANG_WARN_BLOCK_CAPTURE_AUTORELEASING = YES;
				CLANG_WARN_BOOL_CONVERSION = YES;
				CLANG_WARN_COMMA = YES;
				CLANG_WARN_CONSTANT_CONVERSION = YES;
				CLANG_WARN_DEPRECATED_OBJC_IMPLEMENTATIONS = YES;
				CLANG_WARN_DIRECT_OBJC_ISA_USAGE = YES_ERROR;
				CLANG_WARN_DOCUMENTATION_COMMENTS = YES;
				CLANG_WARN_EMPTY_BODY = YES;
				CLANG_WARN_ENUM_CONVERSION = YES;
				CLANG_WARN_INFINITE_RECURSION = YES;
				CLANG_WARN_INT_CONVERSION = YES;
				CLANG_WARN_NON_LITERAL_NULL_CONVERSION = YES;
				CLANG_WARN_OBJC_IMPLICIT_RETAIN_SELF = YES;
				CLANG_WARN_OBJC_LITERAL_CONVERSION = YES;
				CLANG_WARN_OBJC_ROOT_CLASS = YES_ERROR;
				CLANG_WARN_RANGE_LOOP_ANALYSIS = YES;
				CLANG_WARN_STRICT_PROTOTYPES = YES;
				CLANG_WARN_SUSPICIOUS_MOVE = YES;
				CLANG_WARN_UNGUARDED_AVAILABILITY = YES_AGGRESSIVE;
				CLANG_WARN_UNREACHABLE_CODE = YES;
				CLANG_WARN__DUPLICATE_METHOD_MATCH = YES;
				CODE_SIGN_IDENTITY = "iPhone Developer";
				COPY_PHASE_STRIP = NO;
				DEBUG_INFORMATION_FORMAT = dwarf;
				ENABLE_STRICT_OBJC_MSGSEND = YES;
				ENABLE_TESTABILITY = YES;
				GCC_C_LANGUAGE_STANDARD = gnu11;
				GCC_DYNAMIC_NO_PIC = NO;
				GCC_NO_COMMON_BLOCKS = YES;
				GCC_OPTIMIZATION_LEVEL = 0;
				GCC_PREPROCESSOR_DEFINITIONS = (
					"DEBUG=1",
					"$(inherited)",
				);
				GCC_WARN_64_TO_32_BIT_CONVERSION = YES;
				GCC_WARN_ABOUT_RETURN_TYPE = YES_ERROR;
				GCC_WARN_UNDECLARED_SELECTOR = YES;
				GCC_WARN_UNINITIALIZED_AUTOS = YES_AGGRESSIVE;
				GCC_WARN_UNUSED_FUNCTION = YES;
				GCC_WARN_UNUSED_VARIABLE = YES;
				IPHONEOS_DEPLOYMENT_TARGET = 11.0;
				MTL_ENABLE_DEBUG_INFO = INCLUDE_SOURCE;
				MTL_FAST_MATH = YES;
				ONLY_ACTIVE_ARCH = YES;
				SDKROOT = iphoneos;
				SWIFT_ACTIVE_COMPILATION_CONDITIONS = DEBUG;
				SWIFT_OPTIMIZATION_LEVEL = "-Onone";
			};
			name = Debug;
		};
		ABDAE0F0224150D100BFE130 /* Release */ = {
			isa = XCBuildConfiguration;
			buildSettings = {
				ALWAYS_SEARCH_USER_PATHS = NO;
				CLANG_ANALYZER_NONNULL = YES;
				CLANG_ANALYZER_NUMBER_OBJECT_CONVERSION = YES_AGGRESSIVE;
				CLANG_CXX_LANGUAGE_STANDARD = "gnu++14";
				CLANG_CXX_LIBRARY = "libc++";
				CLANG_ENABLE_MODULES = YES;
				CLANG_ENABLE_OBJC_ARC = YES;
				CLANG_ENABLE_OBJC_WEAK = YES;
				CLANG_WARN_BLOCK_CAPTURE_AUTORELEASING = YES;
				CLANG_WARN_BOOL_CONVERSION = YES;
				CLANG_WARN_COMMA = YES;
				CLANG_WARN_CONSTANT_CONVERSION = YES;
				CLANG_WARN_DEPRECATED_OBJC_IMPLEMENTATIONS = YES;
				CLANG_WARN_DIRECT_OBJC_ISA_USAGE = YES_ERROR;
				CLANG_WARN_DOCUMENTATION_COMMENTS = YES;
				CLANG_WARN_EMPTY_BODY = YES;
				CLANG_WARN_ENUM_CONVERSION = YES;
				CLANG_WARN_INFINITE_RECURSION = YES;
				CLANG_WARN_INT_CONVERSION = YES;
				CLANG_WARN_NON_LITERAL_NULL_CONVERSION = YES;
				CLANG_WARN_OBJC_IMPLICIT_RETAIN_SELF = YES;
				CLANG_WARN_OBJC_LITERAL_CONVERSION = YES;
				CLANG_WARN_OBJC_ROOT_CLASS = YES_ERROR;
				CLANG_WARN_RANGE_LOOP_ANALYSIS = YES;
				CLANG_WARN_STRICT_PROTOTYPES = YES;
				CLANG_WARN_SUSPICIOUS_MOVE = YES;
				CLANG_WARN_UNGUARDED_AVAILABILITY = YES_AGGRESSIVE;
				CLANG_WARN_UNREACHABLE_CODE = YES;
				CLANG_WARN__DUPLICATE_METHOD_MATCH = YES;
				CODE_SIGN_IDENTITY = "iPhone Developer";
				COPY_PHASE_STRIP = NO;
				DEBUG_INFORMATION_FORMAT = "dwarf-with-dsym";
				ENABLE_NS_ASSERTIONS = NO;
				ENABLE_STRICT_OBJC_MSGSEND = YES;
				GCC_C_LANGUAGE_STANDARD = gnu11;
				GCC_NO_COMMON_BLOCKS = YES;
				GCC_WARN_64_TO_32_BIT_CONVERSION = YES;
				GCC_WARN_ABOUT_RETURN_TYPE = YES_ERROR;
				GCC_WARN_UNDECLARED_SELECTOR = YES;
				GCC_WARN_UNINITIALIZED_AUTOS = YES_AGGRESSIVE;
				GCC_WARN_UNUSED_FUNCTION = YES;
				GCC_WARN_UNUSED_VARIABLE = YES;
				IPHONEOS_DEPLOYMENT_TARGET = 11.0;
				MTL_ENABLE_DEBUG_INFO = NO;
				MTL_FAST_MATH = YES;
				SDKROOT = iphoneos;
				SWIFT_COMPILATION_MODE = wholemodule;
				SWIFT_OPTIMIZATION_LEVEL = "-O";
				VALIDATE_PRODUCT = YES;
			};
			name = Release;
		};
		ABDAE0F2224150D100BFE130 /* Debug */ = {
			isa = XCBuildConfiguration;
			baseConfigurationReference = 218276F69BB3EE580BD72896 /* Pods-kambaqi.debug.xcconfig */;
			buildSettings = {
				ASSETCATALOG_COMPILER_APPICON_NAME = AppIcon;
				CODE_SIGN_STYLE = Automatic;
				DEVELOPMENT_TEAM = RPSDHNQWHN;
				INFOPLIST_FILE = kambaqi/Info.plist;
				IPHONEOS_DEPLOYMENT_TARGET = 11.0;
				LD_RUNPATH_SEARCH_PATHS = (
					"$(inherited)",
					"@executable_path/Frameworks",
				);
				PRODUCT_BUNDLE_IDENTIFIER = com.kambaqistars2.kambaqi;
				PRODUCT_NAME = "$(TARGET_NAME)";
				SWIFT_VERSION = 4.2;
				TARGETED_DEVICE_FAMILY = 1;
			};
			name = Debug;
		};
		ABDAE0F3224150D100BFE130 /* Release */ = {
			isa = XCBuildConfiguration;
			baseConfigurationReference = EFC29CC6E7EFB2B3139AD624 /* Pods-kambaqi.release.xcconfig */;
			buildSettings = {
				ASSETCATALOG_COMPILER_APPICON_NAME = AppIcon;
				CODE_SIGN_STYLE = Automatic;
				DEVELOPMENT_TEAM = RPSDHNQWHN;
				INFOPLIST_FILE = kambaqi/Info.plist;
				IPHONEOS_DEPLOYMENT_TARGET = 11.0;
				LD_RUNPATH_SEARCH_PATHS = (
					"$(inherited)",
					"@executable_path/Frameworks",
				);
				PRODUCT_BUNDLE_IDENTIFIER = com.kambaqistars2.kambaqi;
				PRODUCT_NAME = "$(TARGET_NAME)";
				SWIFT_VERSION = 4.2;
				TARGETED_DEVICE_FAMILY = 1;
			};
			name = Release;
		};
/* End XCBuildConfiguration section */

/* Begin XCConfigurationList section */
		ABDAE0D7224150D000BFE130 /* Build configuration list for PBXProject "kambaqi" */ = {
			isa = XCConfigurationList;
			buildConfigurations = (
				ABDAE0EF224150D100BFE130 /* Debug */,
				ABDAE0F0224150D100BFE130 /* Release */,
			);
			defaultConfigurationIsVisible = 0;
			defaultConfigurationName = Release;
		};
		ABDAE0F1224150D100BFE130 /* Build configuration list for PBXNativeTarget "kambaqi" */ = {
			isa = XCConfigurationList;
			buildConfigurations = (
				ABDAE0F2224150D100BFE130 /* Debug */,
				ABDAE0F3224150D100BFE130 /* Release */,
			);
			defaultConfigurationIsVisible = 0;
			defaultConfigurationName = Release;
		};
/* End XCConfigurationList section */

/* Begin XCVersionGroup section */
		ABDAE11A2241539B00BFE130 /* kambaqi.xcdatamodeld */ = {
			isa = XCVersionGroup;
			children = (
				ABDAE11B2241539B00BFE130 /* kambaqi.xcdatamodel */,
			);
			currentVersion = ABDAE11B2241539B00BFE130 /* kambaqi.xcdatamodel */;
			path = kambaqi.xcdatamodeld;
			sourceTree = "<group>";
			versionGroupType = wrapper.xcdatamodel;
		};
/* End XCVersionGroup section */
	};
	rootObject = ABDAE0D4224150D000BFE130 /* Project object */;
}
